
Microsoft Visual Studio Solution File, Format Version 12.00
# Visual Studio Version 17
VisualStudioVersion = 17.4.33213.308
MinimumVisualStudioVersion = 10.0.40219.1
Project("{9A19103F-16F7-4668-BE54-9A1E7A4F7556}") = "GalaxyExplovive", "Space Game\GalaxyExplovive.csproj", "{2F5D5647-D40E-41A3-B04D-8560110E90D6}"
EndProject
Global
	GlobalSection(SolutionConfigurationPlatforms) = preSolution
		Debug|Any CPU = Debug|Any CPU
		Release|Any CPU = Release|Any CPU
	EndGlobalSection
	GlobalSection(ProjectConfigurationPlatforms) = postSolution
		{2F5D5647-D40E-41A3-B04D-8560110E90D6}.Debug|Any CPU.ActiveCfg = Debug|Any CPU
		{2F5D5647-D40E-41A3-B04D-8560110E90D6}.Debug|Any CPU.Build.0 = Debug|Any CPU
		{2F5D5647-D40E-41A3-B04D-8560110E90D6}.Release|Any CPU.ActiveCfg = Release|Any CPU
		{2F5D5647-D40E-41A3-B04D-8560110E90D6}.Release|Any CPU.Build.0 = Release|Any CPU
	EndGlobalSection
	GlobalSection(SolutionProperties) = preSolution
		HideSolutionNode = FALSE
	EndGlobalSection
	GlobalSection(ExtensibilityGlobals) = postSolution
		SolutionGuid = {2CBCE432-8DF2-412B-B182-CAA5E3F52737}
	EndGlobalSection
EndGlobal
